// !$*UTF8*$!
{
	archiveVersion = 1;
	classes = {
	};
	objectVersion = 46;
	objects = {

/* Begin PBXBuildFile section */
		290729F61CE5CF890029638D /* GFShowNormalViewController.swift in Sources */ = {isa = PBXBuildFile; fileRef = 290729F51CE5CF890029638D /* GFShowNormalViewController.swift */; };
		29514EA21D0F95D800FA20F7 /* GFShowVViewController.swift in Sources */ = {isa = PBXBuildFile; fileRef = 29514EA11D0F95D800FA20F7 /* GFShowVViewController.swift */; };
		29514EA41D0F95EA00FA20F7 /* GFShowHViewController.swift in Sources */ = {isa = PBXBuildFile; fileRef = 29514EA31D0F95EA00FA20F7 /* GFShowHViewController.swift */; };
		29514EA61D0F9B9000FA20F7 /* GFCollectionViewCell.swift in Sources */ = {isa = PBXBuildFile; fileRef = 29514EA51D0F9B9000FA20F7 /* GFCollectionViewCell.swift */; };
		29514EA81D0F9C3D00FA20F7 /* GFShowVFlowLayout.swift in Sources */ = {isa = PBXBuildFile; fileRef = 29514EA71D0F9C3D00FA20F7 /* GFShowVFlowLayout.swift */; };
		29514EAA1D0F9C5100FA20F7 /* GFShowHFlowLayout.swift in Sources */ = {isa = PBXBuildFile; fileRef = 29514EA91D0F9C5100FA20F7 /* GFShowHFlowLayout.swift */; };
		29514EAC1D0F9F1200FA20F7 /* GFDefine.swift in Sources */ = {isa = PBXBuildFile; fileRef = 29514EAB1D0F9F1200FA20F7 /* GFDefine.swift */; };
		296275281D5194C6001C7721 /* Bmob_iOS_SDK更新历史.txt in Resources */ = {isa = PBXBuildFile; fileRef = 296275261D5194C6001C7721 /* Bmob_iOS_SDK更新历史.txt */; };
		296275291D5194C6001C7721 /* BmobSDK.framework in Frameworks */ = {isa = PBXBuildFile; fileRef = 296275271D5194C6001C7721 /* BmobSDK.framework */; };
		2962752B1D5194EB001C7721 /* CoreLocation.framework in Frameworks */ = {isa = PBXBuildFile; fileRef = 2962752A1D5194EB001C7721 /* CoreLocation.framework */; };
		2962752D1D519583001C7721 /* Security.framework in Frameworks */ = {isa = PBXBuildFile; fileRef = 2962752C1D519583001C7721 /* Security.framework */; };
		2962752F1D51958B001C7721 /* CoreGraphics.framework in Frameworks */ = {isa = PBXBuildFile; fileRef = 2962752E1D51958B001C7721 /* CoreGraphics.framework */; };
		296275311D519593001C7721 /* MobileCoreServices.framework in Frameworks */ = {isa = PBXBuildFile; fileRef = 296275301D519593001C7721 /* MobileCoreServices.framework */; };
		296275331D519599001C7721 /* CFNetwork.framework in Frameworks */ = {isa = PBXBuildFile; fileRef = 296275321D519599001C7721 /* CFNetwork.framework */; };
		296275351D51959F001C7721 /* CoreTelephony.framework in Frameworks */ = {isa = PBXBuildFile; fileRef = 296275341D51959F001C7721 /* CoreTelephony.framework */; };
		296275371D5195A6001C7721 /* SystemConfiguration.framework in Frameworks */ = {isa = PBXBuildFile; fileRef = 296275361D5195A6001C7721 /* SystemConfiguration.framework */; };
		296275391D5195B1001C7721 /* libz.1.2.5.tbd in Frameworks */ = {isa = PBXBuildFile; fileRef = 296275381D5195B1001C7721 /* libz.1.2.5.tbd */; };
		2962753B1D5195BC001C7721 /* libicucore.tbd in Frameworks */ = {isa = PBXBuildFile; fileRef = 2962753A1D5195BC001C7721 /* libicucore.tbd */; };
		2962753D1D5195C6001C7721 /* libsqlite3.tbd in Frameworks */ = {isa = PBXBuildFile; fileRef = 2962753C1D5195C6001C7721 /* libsqlite3.tbd */; };
		296275411D5197ED001C7721 /* MBProgressHUD.m in Sources */ = {isa = PBXBuildFile; fileRef = 296275401D5197ED001C7721 /* MBProgressHUD.m */; };
		2982FAD11D056D0900664B69 /* GFTestCollectionViewCell.swift in Sources */ = {isa = PBXBuildFile; fileRef = 2982FAD01D056D0900664B69 /* GFTestCollectionViewCell.swift */; };
		2998F4111D2F898D00843381 /* VPImageCropperViewController.swift in Sources */ = {isa = PBXBuildFile; fileRef = 2998F4101D2F898D00843381 /* VPImageCropperViewController.swift */; };
		29B618A31C4F6E2A0019D46C /* GFGeneralView.swift in Sources */ = {isa = PBXBuildFile; fileRef = 29B618A21C4F6E2A0019D46C /* GFGeneralView.swift */; };
		29B618A51C4F86A60019D46C /* GFShowViewController.swift in Sources */ = {isa = PBXBuildFile; fileRef = 29B618A41C4F86A60019D46C /* GFShowViewController.swift */; };
		29B618A71C4F87180019D46C /* GFBaseTableViewCell.swift in Sources */ = {isa = PBXBuildFile; fileRef = 29B618A61C4F87180019D46C /* GFBaseTableViewCell.swift */; };
		A11E87241C2A7F8400583726 /* GFBaseViewController.swift in Sources */ = {isa = PBXBuildFile; fileRef = A11E87231C2A7F8400583726 /* GFBaseViewController.swift */; };
		A11E87261C2A812A00583726 /* GFNavigationViewController.swift in Sources */ = {isa = PBXBuildFile; fileRef = A11E87251C2A812A00583726 /* GFNavigationViewController.swift */; };
		A11E87281C2A819D00583726 /* Utility.swift in Sources */ = {isa = PBXBuildFile; fileRef = A11E87271C2A819D00583726 /* Utility.swift */; };
		A11E872A1C2A841E00583726 /* GFRootViewController.swift in Sources */ = {isa = PBXBuildFile; fileRef = A11E87291C2A841E00583726 /* GFRootViewController.swift */; };
		A1D871A81C22558B000AED85 /* AppDelegate.swift in Sources */ = {isa = PBXBuildFile; fileRef = A1D871A71C22558B000AED85 /* AppDelegate.swift */; };
		A1D871AA1C22558B000AED85 /* ViewController.swift in Sources */ = {isa = PBXBuildFile; fileRef = A1D871A91C22558B000AED85 /* ViewController.swift */; };
		A1D871AD1C22558B000AED85 /* Main.storyboard in Resources */ = {isa = PBXBuildFile; fileRef = A1D871AB1C22558B000AED85 /* Main.storyboard */; };
		A1D871B01C22558B000AED85 /* lovecar.xcdatamodeld in Sources */ = {isa = PBXBuildFile; fileRef = A1D871AE1C22558B000AED85 /* lovecar.xcdatamodeld */; };
		A1D871B21C22558B000AED85 /* Assets.xcassets in Resources */ = {isa = PBXBuildFile; fileRef = A1D871B11C22558B000AED85 /* Assets.xcassets */; };
		A1D871B51C22558B000AED85 /* LaunchScreen.storyboard in Resources */ = {isa = PBXBuildFile; fileRef = A1D871B31C22558B000AED85 /* LaunchScreen.storyboard */; };
		A1DC52B71C7AFBE7003D0B0E /* GFShowCollectionViewCell.swift in Sources */ = {isa = PBXBuildFile; fileRef = A1DC52B61C7AFBE7003D0B0E /* GFShowCollectionViewCell.swift */; };
		A1DC52B91C7B0F40003D0B0E /* GFShowFlowLayout.swift in Sources */ = {isa = PBXBuildFile; fileRef = A1DC52B81C7B0F40003D0B0E /* GFShowFlowLayout.swift */; };
/* End PBXBuildFile section */

/* Begin PBXFileReference section */
		290729F51CE5CF890029638D /* GFShowNormalViewController.swift */ = {isa = PBXFileReference; fileEncoding = 4; lastKnownFileType = sourcecode.swift; path = GFShowNormalViewController.swift; sourceTree = "<group>"; };
		29514EA11D0F95D800FA20F7 /* GFShowVViewController.swift */ = {isa = PBXFileReference; fileEncoding = 4; lastKnownFileType = sourcecode.swift; path = GFShowVViewController.swift; sourceTree = "<group>"; };
		29514EA31D0F95EA00FA20F7 /* GFShowHViewController.swift */ = {isa = PBXFileReference; fileEncoding = 4; lastKnownFileType = sourcecode.swift; path = GFShowHViewController.swift; sourceTree = "<group>"; };
		29514EA51D0F9B9000FA20F7 /* GFCollectionViewCell.swift */ = {isa = PBXFileReference; fileEncoding = 4; lastKnownFileType = sourcecode.swift; path = GFCollectionViewCell.swift; sourceTree = "<group>"; };
		29514EA71D0F9C3D00FA20F7 /* GFShowVFlowLayout.swift */ = {isa = PBXFileReference; fileEncoding = 4; lastKnownFileType = sourcecode.swift; path = GFShowVFlowLayout.swift; sourceTree = "<group>"; };
		29514EA91D0F9C5100FA20F7 /* GFShowHFlowLayout.swift */ = {isa = PBXFileReference; fileEncoding = 4; lastKnownFileType = sourcecode.swift; path = GFShowHFlowLayout.swift; sourceTree = "<group>"; };
		29514EAB1D0F9F1200FA20F7 /* GFDefine.swift */ = {isa = PBXFileReference; fileEncoding = 4; lastKnownFileType = sourcecode.swift; path = GFDefine.swift; sourceTree = "<group>"; };
		296275261D5194C6001C7721 /* Bmob_iOS_SDK更新历史.txt */ = {isa = PBXFileReference; fileEncoding = 4; lastKnownFileType = text; path = "Bmob_iOS_SDK更新历史.txt"; sourceTree = "<group>"; };
		296275271D5194C6001C7721 /* BmobSDK.framework */ = {isa = PBXFileReference; lastKnownFileType = wrapper.framework; path = BmobSDK.framework; sourceTree = "<group>"; };
		2962752A1D5194EB001C7721 /* CoreLocation.framework */ = {isa = PBXFileReference; lastKnownFileType = wrapper.framework; name = CoreLocation.framework; path = System/Library/Frameworks/CoreLocation.framework; sourceTree = SDKROOT; };
		2962752C1D519583001C7721 /* Security.framework */ = {isa = PBXFileReference; lastKnownFileType = wrapper.framework; name = Security.framework; path = System/Library/Frameworks/Security.framework; sourceTree = SDKROOT; };
		2962752E1D51958B001C7721 /* CoreGraphics.framework */ = {isa = PBXFileReference; lastKnownFileType = wrapper.framework; name = CoreGraphics.framework; path = System/Library/Frameworks/CoreGraphics.framework; sourceTree = SDKROOT; };
		296275301D519593001C7721 /* MobileCoreServices.framework */ = {isa = PBXFileReference; lastKnownFileType = wrapper.framework; name = MobileCoreServices.framework; path = System/Library/Frameworks/MobileCoreServices.framework; sourceTree = SDKROOT; };
		296275321D519599001C7721 /* CFNetwork.framework */ = {isa = PBXFileReference; lastKnownFileType = wrapper.framework; name = CFNetwork.framework; path = System/Library/Frameworks/CFNetwork.framework; sourceTree = SDKROOT; };
		296275341D51959F001C7721 /* CoreTelephony.framework */ = {isa = PBXFileReference; lastKnownFileType = wrapper.framework; name = CoreTelephony.framework; path = System/Library/Frameworks/CoreTelephony.framework; sourceTree = SDKROOT; };
		296275361D5195A6001C7721 /* SystemConfiguration.framework */ = {isa = PBXFileReference; lastKnownFileType = wrapper.framework; name = SystemConfiguration.framework; path = System/Library/Frameworks/SystemConfiguration.framework; sourceTree = SDKROOT; };
		296275381D5195B1001C7721 /* libz.1.2.5.tbd */ = {isa = PBXFileReference; lastKnownFileType = "sourcecode.text-based-dylib-definition"; name = libz.1.2.5.tbd; path = usr/lib/libz.1.2.5.tbd; sourceTree = SDKROOT; };
		2962753A1D5195BC001C7721 /* libicucore.tbd */ = {isa = PBXFileReference; lastKnownFileType = "sourcecode.text-based-dylib-definition"; name = libicucore.tbd; path = usr/lib/libicucore.tbd; sourceTree = SDKROOT; };
		2962753C1D5195C6001C7721 /* libsqlite3.tbd */ = {isa = PBXFileReference; lastKnownFileType = "sourcecode.text-based-dylib-definition"; name = libsqlite3.tbd; path = usr/lib/libsqlite3.tbd; sourceTree = SDKROOT; };
		2962753F1D5197ED001C7721 /* MBProgressHUD.h */ = {isa = PBXFileReference; fileEncoding = 4; lastKnownFileType = sourcecode.c.h; path = MBProgressHUD.h; sourceTree = "<group>"; };
		296275401D5197ED001C7721 /* MBProgressHUD.m */ = {isa = PBXFileReference; fileEncoding = 4; lastKnownFileType = sourcecode.c.objc; path = MBProgressHUD.m; sourceTree = "<group>"; };
		2982FAD01D056D0900664B69 /* GFTestCollectionViewCell.swift */ = {isa = PBXFileReference; fileEncoding = 4; lastKnownFileType = sourcecode.swift; path = GFTestCollectionViewCell.swift; sourceTree = "<group>"; };
		2998F4101D2F898D00843381 /* VPImageCropperViewController.swift */ = {isa = PBXFileReference; fileEncoding = 4; lastKnownFileType = sourcecode.swift; path = VPImageCropperViewController.swift; sourceTree = "<group>"; };
		29B618A21C4F6E2A0019D46C /* GFGeneralView.swift */ = {isa = PBXFileReference; fileEncoding = 4; lastKnownFileType = sourcecode.swift; path = GFGeneralView.swift; sourceTree = "<group>"; };
		29B618A41C4F86A60019D46C /* GFShowViewController.swift */ = {isa = PBXFileReference; fileEncoding = 4; lastKnownFileType = sourcecode.swift; path = GFShowViewController.swift; sourceTree = "<group>"; };
		29B618A61C4F87180019D46C /* GFBaseTableViewCell.swift */ = {isa = PBXFileReference; fileEncoding = 4; lastKnownFileType = sourcecode.swift; path = GFBaseTableViewCell.swift; sourceTree = "<group>"; };
		A11E87231C2A7F8400583726 /* GFBaseViewController.swift */ = {isa = PBXFileReference; fileEncoding = 4; lastKnownFileType = sourcecode.swift; path = GFBaseViewController.swift; sourceTree = "<group>"; };
		A11E87251C2A812A00583726 /* GFNavigationViewController.swift */ = {isa = PBXFileReference; fileEncoding = 4; lastKnownFileType = sourcecode.swift; path = GFNavigationViewController.swift; sourceTree = "<group>"; };
		A11E87271C2A819D00583726 /* Utility.swift */ = {isa = PBXFileReference; fileEncoding = 4; lastKnownFileType = sourcecode.swift; path = Utility.swift; sourceTree = "<group>"; };
		A11E87291C2A841E00583726 /* GFRootViewController.swift */ = {isa = PBXFileReference; fileEncoding = 4; lastKnownFileType = sourcecode.swift; path = GFRootViewController.swift; sourceTree = "<group>"; };
		A11E872B1C2A854900583726 /* lovecar-Bridging-Header.h */ = {isa = PBXFileReference; fileEncoding = 4; lastKnownFileType = sourcecode.c.h; path = "lovecar-Bridging-Header.h"; sourceTree = "<group>"; };
		A1D871A41C22558A000AED85 /* lovecar.app */ = {isa = PBXFileReference; explicitFileType = wrapper.application; includeInIndex = 0; path = lovecar.app; sourceTree = BUILT_PRODUCTS_DIR; };
		A1D871A71C22558B000AED85 /* AppDelegate.swift */ = {isa = PBXFileReference; lastKnownFileType = sourcecode.swift; path = AppDelegate.swift; sourceTree = "<group>"; };
		A1D871A91C22558B000AED85 /* ViewController.swift */ = {isa = PBXFileReference; lastKnownFileType = sourcecode.swift; path = ViewController.swift; sourceTree = "<group>"; };
		A1D871AC1C22558B000AED85 /* Base */ = {isa = PBXFileReference; lastKnownFileType = file.storyboard; name = Base; path = Base.lproj/Main.storyboard; sourceTree = "<group>"; };
		A1D871AF1C22558B000AED85 /* lovecar.xcdatamodel */ = {isa = PBXFileReference; lastKnownFileType = wrapper.xcdatamodel; path = lovecar.xcdatamodel; sourceTree = "<group>"; };
		A1D871B11C22558B000AED85 /* Assets.xcassets */ = {isa = PBXFileReference; lastKnownFileType = folder.assetcatalog; path = Assets.xcassets; sourceTree = "<group>"; };
		A1D871B41C22558B000AED85 /* Base */ = {isa = PBXFileReference; lastKnownFileType = file.storyboard; name = Base; path = Base.lproj/LaunchScreen.storyboard; sourceTree = "<group>"; };
		A1D871B61C22558B000AED85 /* Info.plist */ = {isa = PBXFileReference; lastKnownFileType = text.plist.xml; path = Info.plist; sourceTree = "<group>"; };
		A1DC52B61C7AFBE7003D0B0E /* GFShowCollectionViewCell.swift */ = {isa = PBXFileReference; fileEncoding = 4; lastKnownFileType = sourcecode.swift; path = GFShowCollectionViewCell.swift; sourceTree = "<group>"; };
		A1DC52B81C7B0F40003D0B0E /* GFShowFlowLayout.swift */ = {isa = PBXFileReference; fileEncoding = 4; lastKnownFileType = sourcecode.swift; path = GFShowFlowLayout.swift; sourceTree = "<group>"; };
/* End PBXFileReference section */

/* Begin PBXFrameworksBuildPhase section */
		A1D871A11C22558A000AED85 /* Frameworks */ = {
			isa = PBXFrameworksBuildPhase;
			buildActionMask = 2147483647;
			files = (
				2962753D1D5195C6001C7721 /* libsqlite3.tbd in Frameworks */,
				2962753B1D5195BC001C7721 /* libicucore.tbd in Frameworks */,
				296275391D5195B1001C7721 /* libz.1.2.5.tbd in Frameworks */,
				296275371D5195A6001C7721 /* SystemConfiguration.framework in Frameworks */,
				296275351D51959F001C7721 /* CoreTelephony.framework in Frameworks */,
				296275331D519599001C7721 /* CFNetwork.framework in Frameworks */,
				296275311D519593001C7721 /* MobileCoreServices.framework in Frameworks */,
				2962752F1D51958B001C7721 /* CoreGraphics.framework in Frameworks */,
				2962752D1D519583001C7721 /* Security.framework in Frameworks */,
				2962752B1D5194EB001C7721 /* CoreLocation.framework in Frameworks */,
				296275291D5194C6001C7721 /* BmobSDK.framework in Frameworks */,
			);
			runOnlyForDeploymentPostprocessing = 0;
		};
/* End PBXFrameworksBuildPhase section */

/* Begin PBXGroup section */
		296275241D5194C6001C7721 /* ThirdParty */ = {
			isa = PBXGroup;
			children = (
				2962753E1D5197ED001C7721 /* MBProgressHUD */,
				296275251D5194C6001C7721 /* Bmob_SDK_iOS_v1.7.2 */,
			);
			path = ThirdParty;
			sourceTree = "<group>";
		};
		296275251D5194C6001C7721 /* Bmob_SDK_iOS_v1.7.2 */ = {
			isa = PBXGroup;
			children = (
				296275261D5194C6001C7721 /* Bmob_iOS_SDK更新历史.txt */,
				296275271D5194C6001C7721 /* BmobSDK.framework */,
			);
			path = Bmob_SDK_iOS_v1.7.2;
			sourceTree = "<group>";
		};
		2962753E1D5197ED001C7721 /* MBProgressHUD */ = {
			isa = PBXGroup;
			children = (
				2962753F1D5197ED001C7721 /* MBProgressHUD.h */,
				296275401D5197ED001C7721 /* MBProgressHUD.m */,
			);
			path = MBProgressHUD;
			sourceTree = "<group>";
		};
		A11E871C1C2A7BA500583726 /* Base */ = {
			isa = PBXGroup;
			children = (
				A11E87231C2A7F8400583726 /* GFBaseViewController.swift */,
				A11E87251C2A812A00583726 /* GFNavigationViewController.swift */,
				29B618A61C4F87180019D46C /* GFBaseTableViewCell.swift */,
			);
			path = Base;
			sourceTree = "<group>";
		};
		A11E871D1C2A7BA500583726 /* Category */ = {
			isa = PBXGroup;
			children = (
			);
			path = Category;
			sourceTree = "<group>";
		};
		A11E871E1C2A7BA500583726 /* Model */ = {
			isa = PBXGroup;
			children = (
			);
			path = Model;
			sourceTree = "<group>";
		};
		A11E871F1C2A7BA500583726 /* Resource */ = {
			isa = PBXGroup;
			children = (
			);
			path = Resource;
			sourceTree = "<group>";
		};
		A11E87201C2A7BA500583726 /* Tool */ = {
			isa = PBXGroup;
			children = (
				A11E87271C2A819D00583726 /* Utility.swift */,
				29514EAB1D0F9F1200FA20F7 /* GFDefine.swift */,
				29B618A21C4F6E2A0019D46C /* GFGeneralView.swift */,
			);
			path = Tool;
			sourceTree = "<group>";
		};
		A11E87211C2A7BA500583726 /* View */ = {
			isa = PBXGroup;
			children = (
				A1DC52B61C7AFBE7003D0B0E /* GFShowCollectionViewCell.swift */,
				29514EA51D0F9B9000FA20F7 /* GFCollectionViewCell.swift */,
				2982FAD01D056D0900664B69 /* GFTestCollectionViewCell.swift */,
				A1DC52B81C7B0F40003D0B0E /* GFShowFlowLayout.swift */,
				29514EA71D0F9C3D00FA20F7 /* GFShowVFlowLayout.swift */,
				29514EA91D0F9C5100FA20F7 /* GFShowHFlowLayout.swift */,
			);
			path = View;
			sourceTree = "<group>";
		};
		A11E87221C2A7BA500583726 /* ViewController */ = {
			isa = PBXGroup;
			children = (
				A11E87291C2A841E00583726 /* GFRootViewController.swift */,
				29B618A41C4F86A60019D46C /* GFShowViewController.swift */,
				290729F51CE5CF890029638D /* GFShowNormalViewController.swift */,
				29514EA11D0F95D800FA20F7 /* GFShowVViewController.swift */,
				29514EA31D0F95EA00FA20F7 /* GFShowHViewController.swift */,
				2998F4101D2F898D00843381 /* VPImageCropperViewController.swift */,
			);
			path = ViewController;
			sourceTree = "<group>";
		};
		A1D8719B1C22558A000AED85 = {
			isa = PBXGroup;
			children = (
				A1D871A61C22558A000AED85 /* lovecar */,
				A1D871A51C22558A000AED85 /* Products */,
				EA05FDA6517608207FAAACEE /* Frameworks */,
			);
			sourceTree = "<group>";
		};
		A1D871A51C22558A000AED85 /* Products */ = {
			isa = PBXGroup;
			children = (
				A1D871A41C22558A000AED85 /* lovecar.app */,
			);
			name = Products;
			sourceTree = "<group>";
		};
		A1D871A61C22558A000AED85 /* lovecar */ = {
			isa = PBXGroup;
			children = (
				296275241D5194C6001C7721 /* ThirdParty */,
				A1D871A71C22558B000AED85 /* AppDelegate.swift */,
				A1D871A91C22558B000AED85 /* ViewController.swift */,
				A11E871C1C2A7BA500583726 /* Base */,
				A11E871D1C2A7BA500583726 /* Category */,
				A11E871E1C2A7BA500583726 /* Model */,
				A11E871F1C2A7BA500583726 /* Resource */,
				A11E87201C2A7BA500583726 /* Tool */,
				A11E87211C2A7BA500583726 /* View */,
				A11E87221C2A7BA500583726 /* ViewController */,
				A1D871AB1C22558B000AED85 /* Main.storyboard */,
				A1D871B11C22558B000AED85 /* Assets.xcassets */,
				A1D871B31C22558B000AED85 /* LaunchScreen.storyboard */,
				A1D871B61C22558B000AED85 /* Info.plist */,
				A11E872B1C2A854900583726 /* lovecar-Bridging-Header.h */,
				A1D871AE1C22558B000AED85 /* lovecar.xcdatamodeld */,
			);
			path = lovecar;
			sourceTree = "<group>";
		};
		EA05FDA6517608207FAAACEE /* Frameworks */ = {
			isa = PBXGroup;
			children = (
				2962753C1D5195C6001C7721 /* libsqlite3.tbd */,
				2962753A1D5195BC001C7721 /* libicucore.tbd */,
				296275381D5195B1001C7721 /* libz.1.2.5.tbd */,
				296275361D5195A6001C7721 /* SystemConfiguration.framework */,
				296275341D51959F001C7721 /* CoreTelephony.framework */,
				296275321D519599001C7721 /* CFNetwork.framework */,
				296275301D519593001C7721 /* MobileCoreServices.framework */,
				2962752E1D51958B001C7721 /* CoreGraphics.framework */,
				2962752C1D519583001C7721 /* Security.framework */,
				2962752A1D5194EB001C7721 /* CoreLocation.framework */,
			);
			name = Frameworks;
			sourceTree = "<group>";
		};
/* End PBXGroup section */

/* Begin PBXNativeTarget section */
		A1D871A31C22558A000AED85 /* lovecar */ = {
			isa = PBXNativeTarget;
			buildConfigurationList = A1D871B91C22558B000AED85 /* Build configuration list for PBXNativeTarget "lovecar" */;
			buildPhases = (
				A1D871A01C22558A000AED85 /* Sources */,
				A1D871A11C22558A000AED85 /* Frameworks */,
				A1D871A21C22558A000AED85 /* Resources */,
			);
			buildRules = (
			);
			dependencies = (
			);
			name = lovecar;
			productName = lovecar;
			productReference = A1D871A41C22558A000AED85 /* lovecar.app */;
			productType = "com.apple.product-type.application";
		};
/* End PBXNativeTarget section */

/* Begin PBXProject section */
		A1D8719C1C22558A000AED85 /* Project object */ = {
			isa = PBXProject;
			attributes = {
				LastSwiftUpdateCheck = 0720;
				LastUpgradeCheck = 0720;
				ORGANIZATIONNAME = lizhongqiang;
				TargetAttributes = {
					A1D871A31C22558A000AED85 = {
						CreatedOnToolsVersion = 7.2;
						DevelopmentTeam = T97J2352DH;
					};
				};
			};
			buildConfigurationList = A1D8719F1C22558A000AED85 /* Build configuration list for PBXProject "lovecar" */;
			compatibilityVersion = "Xcode 3.2";
			developmentRegion = English;
			hasScannedForEncodings = 0;
			knownRegions = (
				en,
				Base,
			);
			mainGroup = A1D8719B1C22558A000AED85;
			productRefGroup = A1D871A51C22558A000AED85 /* Products */;
			projectDirPath = "";
			projectRoot = "";
			targets = (
				A1D871A31C22558A000AED85 /* lovecar */,
			);
		};
/* End PBXProject section */

/* Begin PBXResourcesBuildPhase section */
		A1D871A21C22558A000AED85 /* Resources */ = {
			isa = PBXResourcesBuildPhase;
			buildActionMask = 2147483647;
			files = (
				A1D871B51C22558B000AED85 /* LaunchScreen.storyboard in Resources */,
				296275281D5194C6001C7721 /* Bmob_iOS_SDK更新历史.txt in Resources */,
				A1D871B21C22558B000AED85 /* Assets.xcassets in Resources */,
				A1D871AD1C22558B000AED85 /* Main.storyboard in Resources */,
			);
			runOnlyForDeploymentPostprocessing = 0;
		};
/* End PBXResourcesBuildPhase section */

/* Begin PBXSourcesBuildPhase section */
		A1D871A01C22558A000AED85 /* Sources */ = {
			isa = PBXSourcesBuildPhase;
			buildActionMask = 2147483647;
			files = (
				29B618A51C4F86A60019D46C /* GFShowViewController.swift in Sources */,
				A11E87241C2A7F8400583726 /* GFBaseViewController.swift in Sources */,
				A1D871AA1C22558B000AED85 /* ViewController.swift in Sources */,
				2982FAD11D056D0900664B69 /* GFTestCollectionViewCell.swift in Sources */,
				A11E87281C2A819D00583726 /* Utility.swift in Sources */,
				A1DC52B71C7AFBE7003D0B0E /* GFShowCollectionViewCell.swift in Sources */,
				A1D871A81C22558B000AED85 /* AppDelegate.swift in Sources */,
				29B618A31C4F6E2A0019D46C /* GFGeneralView.swift in Sources */,
				29514EA81D0F9C3D00FA20F7 /* GFShowVFlowLayout.swift in Sources */,
				A11E872A1C2A841E00583726 /* GFRootViewController.swift in Sources */,
				29B618A71C4F87180019D46C /* GFBaseTableViewCell.swift in Sources */,
				A1DC52B91C7B0F40003D0B0E /* GFShowFlowLayout.swift in Sources */,
				29514EA41D0F95EA00FA20F7 /* GFShowHViewController.swift in Sources */,
				29514EAC1D0F9F1200FA20F7 /* GFDefine.swift in Sources */,
				A11E87261C2A812A00583726 /* GFNavigationViewController.swift in Sources */,
				296275411D5197ED001C7721 /* MBProgressHUD.m in Sources */,
				A1D871B01C22558B000AED85 /* lovecar.xcdatamodeld in Sources */,
				290729F61CE5CF890029638D /* GFShowNormalViewController.swift in Sources */,
				29514EA21D0F95D800FA20F7 /* GFShowVViewController.swift in Sources */,
				2998F4111D2F898D00843381 /* VPImageCropperViewController.swift in Sources */,
				29514EAA1D0F9C5100FA20F7 /* GFShowHFlowLayout.swift in Sources */,
				29514EA61D0F9B9000FA20F7 /* GFCollectionViewCell.swift in Sources */,
			);
			runOnlyForDeploymentPostprocessing = 0;
		};
/* End PBXSourcesBuildPhase section */

/* Begin PBXVariantGroup section */
		A1D871AB1C22558B000AED85 /* Main.storyboard */ = {
			isa = PBXVariantGroup;
			children = (
				A1D871AC1C22558B000AED85 /* Base */,
			);
			name = Main.storyboard;
			sourceTree = "<group>";
		};
		A1D871B31C22558B000AED85 /* LaunchScreen.storyboard */ = {
			isa = PBXVariantGroup;
			children = (
				A1D871B41C22558B000AED85 /* Base */,
			);
			name = LaunchScreen.storyboard;
			sourceTree = "<group>";
		};
/* End PBXVariantGroup section */

/* Begin XCBuildConfiguration section */
		A1D871B71C22558B000AED85 /* Debug */ = {
			isa = XCBuildConfiguration;
			buildSettings = {
				ALWAYS_SEARCH_USER_PATHS = NO;
				CLANG_CXX_LANGUAGE_STANDARD = "gnu++0x";
				CLANG_CXX_LIBRARY = "libc++";
				CLANG_ENABLE_MODULES = YES;
				CLANG_ENABLE_OBJC_ARC = YES;
				CLANG_WARN_BOOL_CONVERSION = YES;
				CLANG_WARN_CONSTANT_CONVERSION = YES;
				CLANG_WARN_DIRECT_OBJC_ISA_USAGE = YES_ERROR;
				CLANG_WARN_EMPTY_BODY = YES;
				CLANG_WARN_ENUM_CONVERSION = YES;
				CLANG_WARN_INT_CONVERSION = YES;
				CLANG_WARN_OBJC_ROOT_CLASS = YES_ERROR;
				CLANG_WARN_UNREACHABLE_CODE = YES;
				CLANG_WARN__DUPLICATE_METHOD_MATCH = YES;
				CODE_SIGN_IDENTITY = "iPhone Developer: ZhongQiang Li (KCN5Z7UBJB)";
				"CODE_SIGN_IDENTITY[sdk=iphoneos*]" = "iPhone Developer: ZhongQiang Li (KCN5Z7UBJB)";
				COPY_PHASE_STRIP = NO;
				DEBUG_INFORMATION_FORMAT = dwarf;
				ENABLE_STRICT_OBJC_MSGSEND = YES;
				ENABLE_TESTABILITY = YES;
				GCC_C_LANGUAGE_STANDARD = gnu99;
				GCC_DYNAMIC_NO_PIC = NO;
				GCC_NO_COMMON_BLOCKS = YES;
				GCC_OPTIMIZATION_LEVEL = 0;
				GCC_PREPROCESSOR_DEFINITIONS = (
					"DEBUG=1",
					"$(inherited)",
				);
				GCC_WARN_64_TO_32_BIT_CONVERSION = YES;
				GCC_WARN_ABOUT_RETURN_TYPE = YES_ERROR;
				GCC_WARN_UNDECLARED_SELECTOR = YES;
				GCC_WARN_UNINITIALIZED_AUTOS = YES_AGGRESSIVE;
				GCC_WARN_UNUSED_FUNCTION = YES;
				GCC_WARN_UNUSED_VARIABLE = YES;
				IPHONEOS_DEPLOYMENT_TARGET = 7.0;
				MTL_ENABLE_DEBUG_INFO = YES;
				ONLY_ACTIVE_ARCH = YES;
				PROVISIONING_PROFILE = "fde3ba82-bf5f-40dc-8fa6-9f0aece7ba1d";
				SDKROOT = iphoneos;
				SWIFT_OPTIMIZATION_LEVEL = "-Onone";
			};
			name = Debug;
		};
		A1D871B81C22558B000AED85 /* Release */ = {
			isa = XCBuildConfiguration;
			buildSettings = {
				ALWAYS_SEARCH_USER_PATHS = NO;
				CLANG_CXX_LANGUAGE_STANDARD = "gnu++0x";
				CLANG_CXX_LIBRARY = "libc++";
				CLANG_ENABLE_MODULES = YES;
				CLANG_ENABLE_OBJC_ARC = YES;
				CLANG_WARN_BOOL_CONVERSION = YES;
				CLANG_WARN_CONSTANT_CONVERSION = YES;
				CLANG_WARN_DIRECT_OBJC_ISA_USAGE = YES_ERROR;
				CLANG_WARN_EMPTY_BODY = YES;
				CLANG_WARN_ENUM_CONVERSION = YES;
				CLANG_WARN_INT_CONVERSION = YES;
				CLANG_WARN_OBJC_ROOT_CLASS = YES_ERROR;
				CLANG_WARN_UNREACHABLE_CODE = YES;
				CLANG_WARN__DUPLICATE_METHOD_MATCH = YES;
				CODE_SIGN_IDENTITY = "iPhone Developer: ZhongQiang Li (KCN5Z7UBJB)";
				"CODE_SIGN_IDENTITY[sdk=iphoneos*]" = "iPhone Developer: ZhongQiang Li (KCN5Z7UBJB)";
				COPY_PHASE_STRIP = NO;
				DEBUG_INFORMATION_FORMAT = "dwarf-with-dsym";
				ENABLE_NS_ASSERTIONS = NO;
				ENABLE_STRICT_OBJC_MSGSEND = YES;
				GCC_C_LANGUAGE_STANDARD = gnu99;
				GCC_NO_COMMON_BLOCKS = YES;
				GCC_WARN_64_TO_32_BIT_CONVERSION = YES;
				GCC_WARN_ABOUT_RETURN_TYPE = YES_ERROR;
				GCC_WARN_UNDECLARED_SELECTOR = YES;
				GCC_WARN_UNINITIALIZED_AUTOS = YES_AGGRESSIVE;
				GCC_WARN_UNUSED_FUNCTION = YES;
				GCC_WARN_UNUSED_VARIABLE = YES;
				IPHONEOS_DEPLOYMENT_TARGET = 7.0;
				MTL_ENABLE_DEBUG_INFO = NO;
				PROVISIONING_PROFILE = "fde3ba82-bf5f-40dc-8fa6-9f0aece7ba1d";
				SDKROOT = iphoneos;
				VALIDATE_PRODUCT = YES;
			};
			name = Release;
		};
		A1D871BA1C22558B000AED85 /* Debug */ = {
			isa = XCBuildConfiguration;
			buildSettings = {
				ASSETCATALOG_COMPILER_APPICON_NAME = AppIcon;
				ASSETCATALOG_COMPILER_LAUNCHIMAGE_NAME = "Brand Assets";
				CODE_SIGN_IDENTITY = "iPhone Developer: ZhongQiang Li (KCN5Z7UBJB)";
				"CODE_SIGN_IDENTITY[sdk=iphoneos*]" = "iPhone Developer: ZhongQiang Li (KCN5Z7UBJB)";
				FRAMEWORK_SEARCH_PATHS = (
					"$(inherited)",
					"$(PROJECT_DIR)/lovecar/ThirdParty/Bmob_SDK_iOS_v1.7.2",
				);
				INFOPLIST_FILE = lovecar/Info.plist;
				IPHONEOS_DEPLOYMENT_TARGET = 7.0;
				LD_RUNPATH_SEARCH_PATHS = "$(inherited) @executable_path/Frameworks";
				PRODUCT_BUNDLE_IDENTIFIER = com.lzq.lovecar;
				PRODUCT_NAME = "$(TARGET_NAME)";
				PROVISIONING_PROFILE = "fde3ba82-bf5f-40dc-8fa6-9f0aece7ba1d";
				SWIFT_OBJC_BRIDGING_HEADER = "lovecar/lovecar-Bridging-Header.h";
			};
			name = Debug;
		};
		A1D871BB1C22558B000AED85 /* Release */ = {
			isa = XCBuildConfiguration;
			buildSettings = {
				ASSETCATALOG_COMPILER_APPICON_NAME = AppIcon;
				ASSETCATALOG_COMPILER_LAUNCHIMAGE_NAME = "Brand Assets";
				CODE_SIGN_IDENTITY = "iPhone Developer: ZhongQiang Li (KCN5Z7UBJB)";
				"CODE_SIGN_IDENTITY[sdk=iphoneos*]" = "iPhone Developer: ZhongQiang Li (KCN5Z7UBJB)";
				FRAMEWORK_SEARCH_PATHS = (
					"$(inherited)",
					"$(PROJECT_DIR)/lovecar/ThirdParty/Bmob_SDK_iOS_v1.7.2",
				);
				INFOPLIST_FILE = lovecar/Info.plist;
				IPHONEOS_DEPLOYMENT_TARGET = 7.0;
				LD_RUNPATH_SEARCH_PATHS = "$(inherited) @executable_path/Frameworks";
				PRODUCT_BUNDLE_IDENTIFIER = com.lzq.lovecar;
				PRODUCT_NAME = "$(TARGET_NAME)";
				PROVISIONING_PROFILE = "fde3ba82-bf5f-40dc-8fa6-9f0aece7ba1d";
				SWIFT_OBJC_BRIDGING_HEADER = "lovecar/lovecar-Bridging-Header.h";
			};
			name = Release;
		};
/* End XCBuildConfiguration section */

/* Begin XCConfigurationList section */
		A1D8719F1C22558A000AED85 /* Build configuration list for PBXProject "lovecar" */ = {
			isa = XCConfigurationList;
			buildConfigurations = (
				A1D871B71C22558B000AED85 /* Debug */,
				A1D871B81C22558B000AED85 /* Release */,
			);
			defaultConfigurationIsVisible = 0;
			defaultConfigurationName = Release;
		};
		A1D871B91C22558B000AED85 /* Build configuration list for PBXNativeTarget "lovecar" */ = {
			isa = XCConfigurationList;
			buildConfigurations = (
				A1D871BA1C22558B000AED85 /* Debug */,
				A1D871BB1C22558B000AED85 /* Release */,
			);
			defaultConfigurationIsVisible = 0;
			defaultConfigurationName = Release;
		};
/* End XCConfigurationList section */

/* Begin XCVersionGroup section */
		A1D871AE1C22558B000AED85 /* lovecar.xcdatamodeld */ = {
			isa = XCVersionGroup;
			children = (
				A1D871AF1C22558B000AED85 /* lovecar.xcdatamodel */,
			);
			currentVersion = A1D871AF1C22558B000AED85 /* lovecar.xcdatamodel */;
			path = lovecar.xcdatamodeld;
			sourceTree = "<group>";
			versionGroupType = wrapper.xcdatamodel;
		};
/* End XCVersionGroup section */
	};
	rootObject = A1D8719C1C22558A000AED85 /* Project object */;
}
